
Microsoft Visual Studio Solution File, Format Version 12.00
# Visual Studio Version 16
VisualStudioVersion = 16.0.29215.179
MinimumVisualStudioVersion = 10.0.40219.1
Project("{FAE04EC0-301F-11D3-BF4B-00C04F79EFBC}") = "SomeApplicationTest", "SomeApplicationTest.csproj", "{BA6CB793-DD1B-45F3-970F-98EA66A992EF}"
EndProject
Global
	GlobalSection(SolutionConfigurationPlatforms) = preSolution
		Debug|Any CPU = Debug|Any CPU
		Release|Any CPU = Release|Any CPU
	EndGlobalSection
	GlobalSection(ProjectConfigurationPlatforms) = postSolution
		{BA6CB793-DD1B-45F3-970F-98EA66A992EF}.Debug|Any CPU.ActiveCfg = Debug|Any CPU
		{BA6CB793-DD1B-45F3-970F-98EA66A992EF}.Debug|Any CPU.Build.0 = Debug|Any CPU
		{BA6CB793-DD1B-45F3-970F-98EA66A992EF}.Release|Any CPU.ActiveCfg = Release|Any CPU
		{BA6CB793-DD1B-45F3-970F-98EA66A992EF}.Release|Any CPU.Build.0 = Release|Any CPU
	EndGlobalSection
	GlobalSection(SolutionProperties) = preSolution
		HideSolutionNode = FALSE
	EndGlobalSection
	GlobalSection(ExtensibilityGlobals) = postSolution
		SolutionGuid = {061715BE-A949-4714-828D-79D6BF737E63}
	EndGlobalSection
EndGlobal
